// !$*UTF8*$!
{
	archiveVersion = 1;
	classes = {
	};
	objectVersion = 50;
	objects = {

/* Begin PBXBuildFile section */
		18A45F1422A6668100B2524C /* AppDelegate.swift in Sources */ = {isa = PBXBuildFile; fileRef = 18A45F1322A6668100B2524C /* AppDelegate.swift */; };
		18A45F1622A6668100B2524C /* ViewController.swift in Sources */ = {isa = PBXBuildFile; fileRef = 18A45F1522A6668100B2524C /* ViewController.swift */; };
		18A45F1922A6668100B2524C /* Main.storyboard in Resources */ = {isa = PBXBuildFile; fileRef = 18A45F1722A6668100B2524C /* Main.storyboard */; };
		18A45F1B22A6668300B2524C /* Assets.xcassets in Resources */ = {isa = PBXBuildFile; fileRef = 18A45F1A22A6668300B2524C /* Assets.xcassets */; };
		18A45F1E22A6668300B2524C /* LaunchScreen.storyboard in Resources */ = {isa = PBXBuildFile; fileRef = 18A45F1C22A6668300B2524C /* LaunchScreen.storyboard */; };
		18A45F2622A6703500B2524C /* TableViewCell.swift in Sources */ = {isa = PBXBuildFile; fileRef = 18A45F2522A6703500B2524C /* TableViewCell.swift */; };
		18A45F2822A67C9100B2524C /* HeaderView.swift in Sources */ = {isa = PBXBuildFile; fileRef = 18A45F2722A67C9100B2524C /* HeaderView.swift */; };
		18A45F2A22A6813C00B2524C /* ViewController1.swift in Sources */ = {isa = PBXBuildFile; fileRef = 18A45F2922A6813C00B2524C /* ViewController1.swift */; };
/* End PBXBuildFile section */

/* Begin PBXFileReference section */
		18A45F1022A6668100B2524C /* TableViewCollection1.app */ = {isa = PBXFileReference; explicitFileType = wrapper.application; includeInIndex = 0; path = TableViewCollection1.app; sourceTree = BUILT_PRODUCTS_DIR; };
		18A45F1322A6668100B2524C /* AppDelegate.swift */ = {isa = PBXFileReference; lastKnownFileType = sourcecode.swift; path = AppDelegate.swift; sourceTree = "<group>"; };
		18A45F1522A6668100B2524C /* ViewController.swift */ = {isa = PBXFileReference; lastKnownFileType = sourcecode.swift; path = ViewController.swift; sourceTree = "<group>"; };
		18A45F1822A6668100B2524C /* Base */ = {isa = PBXFileReference; lastKnownFileType = file.storyboard; name = Base; path = Base.lproj/Main.storyboard; sourceTree = "<group>"; };
		18A45F1A22A6668300B2524C /* Assets.xcassets */ = {isa = PBXFileReference; lastKnownFileType = folder.assetcatalog; path = Assets.xcassets; sourceTree = "<group>"; };
		18A45F1D22A6668300B2524C /* Base */ = {isa = PBXFileReference; lastKnownFileType = file.storyboard; name = Base; path = Base.lproj/LaunchScreen.storyboard; sourceTree = "<group>"; };
		18A45F1F22A6668300B2524C /* Info.plist */ = {isa = PBXFileReference; lastKnownFileType = text.plist.xml; path = Info.plist; sourceTree = "<group>"; };
		18A45F2522A6703500B2524C /* TableViewCell.swift */ = {isa = PBXFileReference; lastKnownFileType = sourcecode.swift; path = TableViewCell.swift; sourceTree = "<group>"; };
		18A45F2722A67C9100B2524C /* HeaderView.swift */ = {isa = PBXFileReference; lastKnownFileType = sourcecode.swift; path = HeaderView.swift; sourceTree = "<group>"; };
		18A45F2922A6813C00B2524C /* ViewController1.swift */ = {isa = PBXFileReference; lastKnownFileType = sourcecode.swift; path = ViewController1.swift; sourceTree = "<group>"; };
/* End PBXFileReference section */

/* Begin PBXFrameworksBuildPhase section */
		18A45F0D22A6668100B2524C /* Frameworks */ = {
			isa = PBXFrameworksBuildPhase;
			buildActionMask = 2147483647;
			files = (
			);
			runOnlyForDeploymentPostprocessing = 0;
		};
/* End PBXFrameworksBuildPhase section */

/* Begin PBXGroup section */
		18A45F0722A6668100B2524C = {
			isa = PBXGroup;
			children = (
				18A45F1222A6668100B2524C /* TableViewCollection1 */,
				18A45F1122A6668100B2524C /* Products */,
			);
			sourceTree = "<group>";
		};
		18A45F1122A6668100B2524C /* Products */ = {
			isa = PBXGroup;
			children = (
				18A45F1022A6668100B2524C /* TableViewCollection1.app */,
			);
			name = Products;
			sourceTree = "<group>";
		};
		18A45F1222A6668100B2524C /* TableViewCollection1 */ = {
			isa = PBXGroup;
			children = (
				18A45F1322A6668100B2524C /* AppDelegate.swift */,
				18A45F1522A6668100B2524C /* ViewController.swift */,
				18A45F2922A6813C00B2524C /* ViewController1.swift */,
				18A45F2522A6703500B2524C /* TableViewCell.swift */,
				18A45F2722A67C9100B2524C /* HeaderView.swift */,
				18A45F1722A6668100B2524C /* Main.storyboard */,
				18A45F1A22A6668300B2524C /* Assets.xcassets */,
				18A45F1C22A6668300B2524C /* LaunchScreen.storyboard */,
				18A45F1F22A6668300B2524C /* Info.plist */,
			);
			path = TableViewCollection1;
			sourceTree = "<group>";
		};
/* End PBXGroup section */

/* Begin PBXNativeTarget section */
		18A45F0F22A6668100B2524C /* TableViewCollection1 */ = {
			isa = PBXNativeTarget;
			buildConfigurationList = 18A45F2222A6668300B2524C /* Build configuration list for PBXNativeTarget "TableViewCollection1" */;
			buildPhases = (
				18A45F0C22A6668100B2524C /* Sources */,
				18A45F0D22A6668100B2524C /* Frameworks */,
				18A45F0E22A6668100B2524C /* Resources */,
			);
			buildRules = (
			);
			dependencies = (
			);
			name = TableViewCollection1;
			productName = TableViewCollection1;
			productReference = 18A45F1022A6668100B2524C /* TableViewCollection1.app */;
			productType = "com.apple.product-type.application";
		};
/* End PBXNativeTarget section */

/* Begin PBXProject section */
		18A45F0822A6668100B2524C /* Project object */ = {
			isa = PBXProject;
			attributes = {
				LastSwiftUpdateCheck = 1020;
				LastUpgradeCheck = 1020;
				ORGANIZATIONNAME = VanDong;
				TargetAttributes = {
					18A45F0F22A6668100B2524C = {
						CreatedOnToolsVersion = 10.2.1;
					};
				};
			};
			buildConfigurationList = 18A45F0B22A6668100B2524C /* Build configuration list for PBXProject "TableViewCollection1" */;
			compatibilityVersion = "Xcode 9.3";
			developmentRegion = en;
			hasScannedForEncodings = 0;
			knownRegions = (
				en,
				Base,
			);
			mainGroup = 18A45F0722A6668100B2524C;
			productRefGroup = 18A45F1122A6668100B2524C /* Products */;
			projectDirPath = "";
			projectRoot = "";
			targets = (
				18A45F0F22A6668100B2524C /* TableViewCollection1 */,
			);
		};
/* End PBXProject section */

/* Begin PBXResourcesBuildPhase section */
		18A45F0E22A6668100B2524C /* Resources */ = {
			isa = PBXResourcesBuildPhase;
			buildActionMask = 2147483647;
			files = (
				18A45F1E22A6668300B2524C /* LaunchScreen.storyboard in Resources */,
				18A45F1B22A6668300B2524C /* Assets.xcassets in Resources */,
				18A45F1922A6668100B2524C /* Main.storyboard in Resources */,
			);
			runOnlyForDeploymentPostprocessing = 0;
		};
/* End PBXResourcesBuildPhase section */

/* Begin PBXSourcesBuildPhase section */
		18A45F0C22A6668100B2524C /* Sources */ = {
			isa = PBXSourcesBuildPhase;
			buildActionMask = 2147483647;
			files = (
				18A45F2622A6703500B2524C /* TableViewCell.swift in Sources */,
				18A45F2A22A6813C00B2524C /* ViewController1.swift in Sources */,
				18A45F1622A6668100B2524C /* ViewController.swift in Sources */,
				18A45F1422A6668100B2524C /* AppDelegate.swift in Sources */,
				18A45F2822A67C9100B2524C /* HeaderView.swift in Sources */,
			);
			runOnlyForDeploymentPostprocessing = 0;
		};
/* End PBXSourcesBuildPhase section */

/* Begin PBXVariantGroup section */
		18A45F1722A6668100B2524C /* Main.storyboard */ = {
			isa = PBXVariantGroup;
			children = (
				18A45F1822A6668100B2524C /* Base */,
			);
			name = Main.storyboard;
			sourceTree = "<group>";
		};
		18A45F1C22A6668300B2524C /* LaunchScreen.storyboard */ = {
			isa = PBXVariantGroup;
			children = (
				18A45F1D22A6668300B2524C /* Base */,
			);
			name = LaunchScreen.storyboard;
			sourceTree = "<group>";
		};
/* End PBXVariantGroup section */

/* Begin XCBuildConfiguration section */
		18A45F2022A6668300B2524C /* Debug */ = {
			isa = XCBuildConfiguration;
			buildSettings = {
				ALWAYS_SEARCH_USER_PATHS = NO;
				CLANG_ANALYZER_NONNULL = YES;
				CLANG_ANALYZER_NUMBER_OBJECT_CONVERSION = YES_AGGRESSIVE;
				CLANG_CXX_LANGUAGE_STANDARD = "gnu++14";
				CLANG_CXX_LIBRARY = "libc++";
				CLANG_ENABLE_MODULES = YES;
				CLANG_ENABLE_OBJC_ARC = YES;
				CLANG_ENABLE_OBJC_WEAK = YES;
				CLANG_WARN_BLOCK_CAPTURE_AUTORELEASING = YES;
				CLANG_WARN_BOOL_CONVERSION = YES;
				CLANG_WARN_COMMA = YES;
				CLANG_WARN_CONSTANT_CONVERSION = YES;
				CLANG_WARN_DEPRECATED_OBJC_IMPLEMENTATIONS = YES;
				CLANG_WARN_DIRECT_OBJC_ISA_USAGE = YES_ERROR;
				CLANG_WARN_DOCUMENTATION_COMMENTS = YES;
				CLANG_WARN_EMPTY_BODY = YES;
				CLANG_WARN_ENUM_CONVERSION = YES;
				CLANG_WARN_INFINITE_RECURSION = YES;
				CLANG_WARN_INT_CONVERSION = YES;
				CLANG_WARN_NON_LITERAL_NULL_CONVERSION = YES;
				CLANG_WARN_OBJC_IMPLICIT_RETAIN_SELF = YES;
				CLANG_WARN_OBJC_LITERAL_CONVERSION = YES;
				CLANG_WARN_OBJC_ROOT_CLASS = YES_ERROR;
				CLANG_WARN_RANGE_LOOP_ANALYSIS = YES;
				CLANG_WARN_STRICT_PROTOTYPES = YES;
				CLANG_WARN_SUSPICIOUS_MOVE = YES;
				CLANG_WARN_UNGUARDED_AVAILABILITY = YES_AGGRESSIVE;
				CLANG_WARN_UNREACHABLE_CODE = YES;
				CLANG_WARN__DUPLICATE_METHOD_MATCH = YES;
				CODE_SIGN_IDENTITY = "iPhone Developer";
				COPY_PHASE_STRIP = NO;
				DEBUG_INFORMATION_FORMAT = dwarf;
				ENABLE_STRICT_OBJC_MSGSEND = YES;
				ENABLE_TESTABILITY = YES;
				GCC_C_LANGUAGE_STANDARD = gnu11;
				GCC_DYNAMIC_NO_PIC = NO;
				GCC_NO_COMMON_BLOCKS = YES;
				GCC_OPTIMIZATION_LEVEL = 0;
				GCC_PREPROCESSOR_DEFINITIONS = (
					"DEBUG=1",
					"$(inherited)",
				);
				GCC_WARN_64_TO_32_BIT_CONVERSION = YES;
				GCC_WARN_ABOUT_RETURN_TYPE = YES_ERROR;
				GCC_WARN_UNDECLARED_SELECTOR = YES;
				GCC_WARN_UNINITIALIZED_AUTOS = YES_AGGRESSIVE;
				GCC_WARN_UNUSED_FUNCTION = YES;
				GCC_WARN_UNUSED_VARIABLE = YES;
				IPHONEOS_DEPLOYMENT_TARGET = 12.2;
				MTL_ENABLE_DEBUG_INFO = INCLUDE_SOURCE;
				MTL_FAST_MATH = YES;
				ONLY_ACTIVE_ARCH = YES;
				SDKROOT = iphoneos;
				SWIFT_ACTIVE_COMPILATION_CONDITIONS = DEBUG;
				SWIFT_OPTIMIZATION_LEVEL = "-Onone";
			};
			name = Debug;
		};
		18A45F2122A6668300B2524C /* Release */ = {
			isa = XCBuildConfiguration;
			buildSettings = {
				ALWAYS_SEARCH_USER_PATHS = NO;
				CLANG_ANALYZER_NONNULL = YES;
				CLANG_ANALYZER_NUMBER_OBJECT_CONVERSION = YES_AGGRESSIVE;
				CLANG_CXX_LANGUAGE_STANDARD = "gnu++14";
				CLANG_CXX_LIBRARY = "libc++";
				CLANG_ENABLE_MODULES = YES;
				CLANG_ENABLE_OBJC_ARC = YES;
				CLANG_ENABLE_OBJC_WEAK = YES;
				CLANG_WARN_BLOCK_CAPTURE_AUTORELEASING = YES;
				CLANG_WARN_BOOL_CONVERSION = YES;
				CLANG_WARN_COMMA = YES;
				CLANG_WARN_CONSTANT_CONVERSION = YES;
				CLANG_WARN_DEPRECATED_OBJC_IMPLEMENTATIONS = YES;
				CLANG_WARN_DIRECT_OBJC_ISA_USAGE = YES_ERROR;
				CLANG_WARN_DOCUMENTATION_COMMENTS = YES;
				CLANG_WARN_EMPTY_BODY = YES;
				CLANG_WARN_ENUM_CONVERSION = YES;
				CLANG_WARN_INFINITE_RECURSION = YES;
				CLANG_WARN_INT_CONVERSION = YES;
				CLANG_WARN_NON_LITERAL_NULL_CONVERSION = YES;
				CLANG_WARN_OBJC_IMPLICIT_RETAIN_SELF = YES;
				CLANG_WARN_OBJC_LITERAL_CONVERSION = YES;
				CLANG_WARN_OBJC_ROOT_CLASS = YES_ERROR;
				CLANG_WARN_RANGE_LOOP_ANALYSIS = YES;
				CLANG_WARN_STRICT_PROTOTYPES = YES;
				CLANG_WARN_SUSPICIOUS_MOVE = YES;
				CLANG_WARN_UNGUARDED_AVAILABILITY = YES_AGGRESSIVE;
				CLANG_WARN_UNREACHABLE_CODE = YES;
				CLANG_WARN__DUPLICATE_METHOD_MATCH = YES;
				CODE_SIGN_IDENTITY = "iPhone Developer";
				COPY_PHASE_STRIP = NO;
				DEBUG_INFORMATION_FORMAT = "dwarf-with-dsym";
				ENABLE_NS_ASSERTIONS = NO;
				ENABLE_STRICT_OBJC_MSGSEND = YES;
				GCC_C_LANGUAGE_STANDARD = gnu11;
				GCC_NO_COMMON_BLOCKS = YES;
				GCC_WARN_64_TO_32_BIT_CONVERSION = YES;
				GCC_WARN_ABOUT_RETURN_TYPE = YES_ERROR;
				GCC_WARN_UNDECLARED_SELECTOR = YES;
				GCC_WARN_UNINITIALIZED_AUTOS = YES_AGGRESSIVE;
				GCC_WARN_UNUSED_FUNCTION = YES;
				GCC_WARN_UNUSED_VARIABLE = YES;
				IPHONEOS_DEPLOYMENT_TARGET = 12.2;
				MTL_ENABLE_DEBUG_INFO = NO;
				MTL_FAST_MATH = YES;
				SDKROOT = iphoneos;
				SWIFT_COMPILATION_MODE = wholemodule;
				SWIFT_OPTIMIZATION_LEVEL = "-O";
				VALIDATE_PRODUCT = YES;
			};
			name = Release;
		};
		18A45F2322A6668300B2524C /* Debug */ = {
			isa = XCBuildConfiguration;
			buildSettings = {
				ASSETCATALOG_COMPILER_APPICON_NAME = AppIcon;
				CODE_SIGN_STYLE = Automatic;
				INFOPLIST_FILE = TableViewCollection1/Info.plist;
				LD_RUNPATH_SEARCH_PATHS = (
					"$(inherited)",
					"@executable_path/Frameworks",
				);
				PRODUCT_BUNDLE_IDENTIFIER = kidst.TableViewCollection1;
				PRODUCT_NAME = "$(TARGET_NAME)";
				SWIFT_VERSION = 5.0;
				TARGETED_DEVICE_FAMILY = "1,2";
			};
			name = Debug;
		};
		18A45F2422A6668300B2524C /* Release */ = {
			isa = XCBuildConfiguration;
			buildSettings = {
				ASSETCATALOG_COMPILER_APPICON_NAME = AppIcon;
				CODE_SIGN_STYLE = Automatic;
				INFOPLIST_FILE = TableViewCollection1/Info.plist;
				LD_RUNPATH_SEARCH_PATHS = (
					"$(inherited)",
					"@executable_path/Frameworks",
				);
				PRODUCT_BUNDLE_IDENTIFIER = kidst.TableViewCollection1;
				PRODUCT_NAME = "$(TARGET_NAME)";
				SWIFT_VERSION = 5.0;
				TARGETED_DEVICE_FAMILY = "1,2";
			};
			name = Release;
		};
/* End XCBuildConfiguration section */

/* Begin XCConfigurationList section */
		18A45F0B22A6668100B2524C /* Build configuration list for PBXProject "TableViewCollection1" */ = {
			isa = XCConfigurationList;
			buildConfigurations = (
				18A45F2022A6668300B2524C /* Debug */,
				18A45F2122A6668300B2524C /* Release */,
			);
			defaultConfigurationIsVisible = 0;
			defaultConfigurationName = Release;
		};
		18A45F2222A6668300B2524C /* Build configuration list for PBXNativeTarget "TableViewCollection1" */ = {
			isa = XCConfigurationList;
			buildConfigurations = (
				18A45F2322A6668300B2524C /* Debug */,
				18A45F2422A6668300B2524C /* Release */,
			);
			defaultConfigurationIsVisible = 0;
			defaultConfigurationName = Release;
		};
/* End XCConfigurationList section */
	};
	rootObject = 18A45F0822A6668100B2524C /* Project object */;
}
